// !$*UTF8*$!
{
	archiveVersion = 1;
	classes = {
	};
	objectVersion = 50;
	objects = {

/* Begin PBXBuildFile section */
		618182F225AC476A0051CBAA /* EnrouteApp.swift in Sources */ = {isa = PBXBuildFile; fileRef = 618182F125AC476A0051CBAA /* EnrouteApp.swift */; };
		618182F425AC476A0051CBAA /* ContentView.swift in Sources */ = {isa = PBXBuildFile; fileRef = 618182F325AC476A0051CBAA /* ContentView.swift */; };
		618182F625AC476A0051CBAA /* Assets.xcassets in Resources */ = {isa = PBXBuildFile; fileRef = 618182F525AC476A0051CBAA /* Assets.xcassets */; };
		618182F925AC476A0051CBAA /* Preview Assets.xcassets in Resources */ = {isa = PBXBuildFile; fileRef = 618182F825AC476A0051CBAA /* Preview Assets.xcassets */; };
		618182FB25AC476A0051CBAA /* Persistence.swift in Sources */ = {isa = PBXBuildFile; fileRef = 618182FA25AC476A0051CBAA /* Persistence.swift */; };
		618182FE25AC476A0051CBAA /* Enroute.xcdatamodeld in Sources */ = {isa = PBXBuildFile; fileRef = 618182FC25AC476A0051CBAA /* Enroute.xcdatamodeld */; };
/* End PBXBuildFile section */

/* Begin PBXFileReference section */
		618182EE25AC476A0051CBAA /* Enroute.app */ = {isa = PBXFileReference; explicitFileType = wrapper.application; includeInIndex = 0; path = Enroute.app; sourceTree = BUILT_PRODUCTS_DIR; };
		618182F125AC476A0051CBAA /* EnrouteApp.swift */ = {isa = PBXFileReference; lastKnownFileType = sourcecode.swift; path = EnrouteApp.swift; sourceTree = "<group>"; };
		618182F325AC476A0051CBAA /* ContentView.swift */ = {isa = PBXFileReference; lastKnownFileType = sourcecode.swift; path = ContentView.swift; sourceTree = "<group>"; };
		618182F525AC476A0051CBAA /* Assets.xcassets */ = {isa = PBXFileReference; lastKnownFileType = folder.assetcatalog; path = Assets.xcassets; sourceTree = "<group>"; };
		618182F825AC476A0051CBAA /* Preview Assets.xcassets */ = {isa = PBXFileReference; lastKnownFileType = folder.assetcatalog; path = "Preview Assets.xcassets"; sourceTree = "<group>"; };
		618182FA25AC476A0051CBAA /* Persistence.swift */ = {isa = PBXFileReference; lastKnownFileType = sourcecode.swift; path = Persistence.swift; sourceTree = "<group>"; };
		618182FD25AC476A0051CBAA /* Enroute.xcdatamodel */ = {isa = PBXFileReference; lastKnownFileType = wrapper.xcdatamodel; path = Enroute.xcdatamodel; sourceTree = "<group>"; };
		618182FF25AC476A0051CBAA /* Info.plist */ = {isa = PBXFileReference; lastKnownFileType = text.plist.xml; path = Info.plist; sourceTree = "<group>"; };
/* End PBXFileReference section */

/* Begin PBXFrameworksBuildPhase section */
		618182EB25AC476A0051CBAA /* Frameworks */ = {
			isa = PBXFrameworksBuildPhase;
			buildActionMask = 2147483647;
			files = (
			);
			runOnlyForDeploymentPostprocessing = 0;
		};
/* End PBXFrameworksBuildPhase section */

/* Begin PBXGroup section */
		618182E525AC476A0051CBAA = {
			isa = PBXGroup;
			children = (
				618182F025AC476A0051CBAA /* Enroute */,
				618182EF25AC476A0051CBAA /* Products */,
			);
			sourceTree = "<group>";
		};
		618182EF25AC476A0051CBAA /* Products */ = {
			isa = PBXGroup;
			children = (
				618182EE25AC476A0051CBAA /* Enroute.app */,
			);
			name = Products;
			sourceTree = "<group>";
		};
		618182F025AC476A0051CBAA /* Enroute */ = {
			isa = PBXGroup;
			children = (
				618182F125AC476A0051CBAA /* EnrouteApp.swift */,
				618182F325AC476A0051CBAA /* ContentView.swift */,
				618182F525AC476A0051CBAA /* Assets.xcassets */,
				618182FA25AC476A0051CBAA /* Persistence.swift */,
				618182FF25AC476A0051CBAA /* Info.plist */,
				618182FC25AC476A0051CBAA /* Enroute.xcdatamodeld */,
				618182F725AC476A0051CBAA /* Preview Content */,
			);
			path = Enroute;
			sourceTree = "<group>";
		};
		618182F725AC476A0051CBAA /* Preview Content */ = {
			isa = PBXGroup;
			children = (
				618182F825AC476A0051CBAA /* Preview Assets.xcassets */,
			);
			path = "Preview Content";
			sourceTree = "<group>";
		};
/* End PBXGroup section */

/* Begin PBXNativeTarget section */
		618182ED25AC476A0051CBAA /* Enroute */ = {
			isa = PBXNativeTarget;
			buildConfigurationList = 6181830225AC476A0051CBAA /* Build configuration list for PBXNativeTarget "Enroute" */;
			buildPhases = (
				618182EA25AC476A0051CBAA /* Sources */,
				618182EB25AC476A0051CBAA /* Frameworks */,
				618182EC25AC476A0051CBAA /* Resources */,
			);
			buildRules = (
			);
			dependencies = (
			);
			name = Enroute;
			productName = Enroute;
			productReference = 618182EE25AC476A0051CBAA /* Enroute.app */;
			productType = "com.apple.product-type.application";
		};
/* End PBXNativeTarget section */

/* Begin PBXProject section */
		618182E625AC476A0051CBAA /* Project object */ = {
			isa = PBXProject;
			attributes = {
				LastSwiftUpdateCheck = 1230;
				LastUpgradeCheck = 1230;
				TargetAttributes = {
					618182ED25AC476A0051CBAA = {
						CreatedOnToolsVersion = 12.3;
					};
				};
			};
			buildConfigurationList = 618182E925AC476A0051CBAA /* Build configuration list for PBXProject "Enroute" */;
			compatibilityVersion = "Xcode 9.3";
			developmentRegion = en;
			hasScannedForEncodings = 0;
			knownRegions = (
				en,
				Base,
			);
			mainGroup = 618182E525AC476A0051CBAA;
			productRefGroup = 618182EF25AC476A0051CBAA /* Products */;
			projectDirPath = "";
			projectRoot = "";
			targets = (
				618182ED25AC476A0051CBAA /* Enroute */,
			);
		};
/* End PBXProject section */

/* Begin PBXResourcesBuildPhase section */
		618182EC25AC476A0051CBAA /* Resources */ = {
			isa = PBXResourcesBuildPhase;
			buildActionMask = 2147483647;
			files = (
				618182F925AC476A0051CBAA /* Preview Assets.xcassets in Resources */,
				618182F625AC476A0051CBAA /* Assets.xcassets in Resources */,
			);
			runOnlyForDeploymentPostprocessing = 0;
		};
/* End PBXResourcesBuildPhase section */

/* Begin PBXSourcesBuildPhase section */
		618182EA25AC476A0051CBAA /* Sources */ = {
			isa = PBXSourcesBuildPhase;
			buildActionMask = 2147483647;
			files = (
				618182FB25AC476A0051CBAA /* Persistence.swift in Sources */,
				618182F425AC476A0051CBAA /* ContentView.swift in Sources */,
				618182FE25AC476A0051CBAA /* Enroute.xcdatamodeld in Sources */,
				618182F225AC476A0051CBAA /* EnrouteApp.swift in Sources */,
			);
			runOnlyForDeploymentPostprocessing = 0;
		};
/* End PBXSourcesBuildPhase section */

/* Begin XCBuildConfiguration section */
		6181830025AC476A0051CBAA /* Debug */ = {
			isa = XCBuildConfiguration;
			buildSettings = {
				ALWAYS_SEARCH_USER_PATHS = NO;
				CLANG_ANALYZER_NONNULL = YES;
				CLANG_ANALYZER_NUMBER_OBJECT_CONVERSION = YES_AGGRESSIVE;
				CLANG_CXX_LANGUAGE_STANDARD = "gnu++14";
				CLANG_CXX_LIBRARY = "libc++";
				CLANG_ENABLE_MODULES = YES;
				CLANG_ENABLE_OBJC_ARC = YES;
				CLANG_ENABLE_OBJC_WEAK = YES;
				CLANG_WARN_BLOCK_CAPTURE_AUTORELEASING = YES;
				CLANG_WARN_BOOL_CONVERSION = YES;
				CLANG_WARN_COMMA = YES;
				CLANG_WARN_CONSTANT_CONVERSION = YES;
				CLANG_WARN_DEPRECATED_OBJC_IMPLEMENTATIONS = YES;
				CLANG_WARN_DIRECT_OBJC_ISA_USAGE = YES_ERROR;
				CLANG_WARN_DOCUMENTATION_COMMENTS = YES;
				CLANG_WARN_EMPTY_BODY = YES;
				CLANG_WARN_ENUM_CONVERSION = YES;
				CLANG_WARN_INFINITE_RECURSION = YES;
				CLANG_WARN_INT_CONVERSION = YES;
				CLANG_WARN_NON_LITERAL_NULL_CONVERSION = YES;
				CLANG_WARN_OBJC_IMPLICIT_RETAIN_SELF = YES;
				CLANG_WARN_OBJC_LITERAL_CONVERSION = YES;
				CLANG_WARN_OBJC_ROOT_CLASS = YES_ERROR;
				CLANG_WARN_QUOTED_INCLUDE_IN_FRAMEWORK_HEADER = YES;
				CLANG_WARN_RANGE_LOOP_ANALYSIS = YES;
				CLANG_WARN_STRICT_PROTOTYPES = YES;
				CLANG_WARN_SUSPICIOUS_MOVE = YES;
				CLANG_WARN_UNGUARDED_AVAILABILITY = YES_AGGRESSIVE;
				CLANG_WARN_UNREACHABLE_CODE = YES;
				CLANG_WARN__DUPLICATE_METHOD_MATCH = YES;
				COPY_PHASE_STRIP = NO;
				DEBUG_INFORMATION_FORMAT = dwarf;
				ENABLE_STRICT_OBJC_MSGSEND = YES;
				ENABLE_TESTABILITY = YES;
				GCC_C_LANGUAGE_STANDARD = gnu11;
				GCC_DYNAMIC_NO_PIC = NO;
				GCC_NO_COMMON_BLOCKS = YES;
				GCC_OPTIMIZATION_LEVEL = 0;
				GCC_PREPROCESSOR_DEFINITIONS = (
					"DEBUG=1",
					"$(inherited)",
				);
				GCC_WARN_64_TO_32_BIT_CONVERSION = YES;
				GCC_WARN_ABOUT_RETURN_TYPE = YES_ERROR;
				GCC_WARN_UNDECLARED_SELECTOR = YES;
				GCC_WARN_UNINITIALIZED_AUTOS = YES_AGGRESSIVE;
				GCC_WARN_UNUSED_FUNCTION = YES;
				GCC_WARN_UNUSED_VARIABLE = YES;
				IPHONEOS_DEPLOYMENT_TARGET = 14.3;
				MTL_ENABLE_DEBUG_INFO = INCLUDE_SOURCE;
				MTL_FAST_MATH = YES;
				ONLY_ACTIVE_ARCH = YES;
				SDKROOT = iphoneos;
				SWIFT_ACTIVE_COMPILATION_CONDITIONS = DEBUG;
				SWIFT_OPTIMIZATION_LEVEL = "-Onone";
			};
			name = Debug;
		};
		6181830125AC476A0051CBAA /* Release */ = {
			isa = XCBuildConfiguration;
			buildSettings = {
				ALWAYS_SEARCH_USER_PATHS = NO;
				CLANG_ANALYZER_NONNULL = YES;
				CLANG_ANALYZER_NUMBER_OBJECT_CONVERSION = YES_AGGRESSIVE;
				CLANG_CXX_LANGUAGE_STANDARD = "gnu++14";
				CLANG_CXX_LIBRARY = "libc++";
				CLANG_ENABLE_MODULES = YES;
				CLANG_ENABLE_OBJC_ARC = YES;
				CLANG_ENABLE_OBJC_WEAK = YES;
				CLANG_WARN_BLOCK_CAPTURE_AUTORELEASING = YES;
				CLANG_WARN_BOOL_CONVERSION = YES;
				CLANG_WARN_COMMA = YES;
				CLANG_WARN_CONSTANT_CONVERSION = YES;
				CLANG_WARN_DEPRECATED_OBJC_IMPLEMENTATIONS = YES;
				CLANG_WARN_DIRECT_OBJC_ISA_USAGE = YES_ERROR;
				CLANG_WARN_DOCUMENTATION_COMMENTS = YES;
				CLANG_WARN_EMPTY_BODY = YES;
				CLANG_WARN_ENUM_CONVERSION = YES;
				CLANG_WARN_INFINITE_RECURSION = YES;
				CLANG_WARN_INT_CONVERSION = YES;
				CLANG_WARN_NON_LITERAL_NULL_CONVERSION = YES;
				CLANG_WARN_OBJC_IMPLICIT_RETAIN_SELF = YES;
				CLANG_WARN_OBJC_LITERAL_CONVERSION = YES;
				CLANG_WARN_OBJC_ROOT_CLASS = YES_ERROR;
				CLANG_WARN_QUOTED_INCLUDE_IN_FRAMEWORK_HEADER = YES;
				CLANG_WARN_RANGE_LOOP_ANALYSIS = YES;
				CLANG_WARN_STRICT_PROTOTYPES = YES;
				CLANG_WARN_SUSPICIOUS_MOVE = YES;
				CLANG_WARN_UNGUARDED_AVAILABILITY = YES_AGGRESSIVE;
				CLANG_WARN_UNREACHABLE_CODE = YES;
				CLANG_WARN__DUPLICATE_METHOD_MATCH = YES;
				COPY_PHASE_STRIP = NO;
				DEBUG_INFORMATION_FORMAT = "dwarf-with-dsym";
				ENABLE_NS_ASSERTIONS = NO;
				ENABLE_STRICT_OBJC_MSGSEND = YES;
				GCC_C_LANGUAGE_STANDARD = gnu11;
				GCC_NO_COMMON_BLOCKS = YES;
				GCC_WARN_64_TO_32_BIT_CONVERSION = YES;
				GCC_WARN_ABOUT_RETURN_TYPE = YES_ERROR;
				GCC_WARN_UNDECLARED_SELECTOR = YES;
				GCC_WARN_UNINITIALIZED_AUTOS = YES_AGGRESSIVE;
				GCC_WARN_UNUSED_FUNCTION = YES;
				GCC_WARN_UNUSED_VARIABLE = YES;
				IPHONEOS_DEPLOYMENT_TARGET = 14.3;
				MTL_ENABLE_DEBUG_INFO = NO;
				MTL_FAST_MATH = YES;
				SDKROOT = iphoneos;
				SWIFT_COMPILATION_MODE = wholemodule;
				SWIFT_OPTIMIZATION_LEVEL = "-O";
				VALIDATE_PRODUCT = YES;
			};
			name = Release;
		};
		6181830325AC476A0051CBAA /* Debug */ = {
			isa = XCBuildConfiguration;
			buildSettings = {
				ASSETCATALOG_COMPILER_APPICON_NAME = AppIcon;
				ASSETCATALOG_COMPILER_GLOBAL_ACCENT_COLOR_NAME = AccentColor;
				CODE_SIGN_STYLE = Automatic;
				DEVELOPMENT_ASSET_PATHS = "\"Enroute/Preview Content\"";
				DEVELOPMENT_TEAM = Q362VSVRUU;
				ENABLE_PREVIEWS = YES;
				INFOPLIST_FILE = Enroute/Info.plist;
				IPHONEOS_DEPLOYMENT_TARGET = 14.0;
				LD_RUNPATH_SEARCH_PATHS = (
					"$(inherited)",
					"@executable_path/Frameworks",
				);
				PRODUCT_BUNDLE_IDENTIFIER = com.example.Amirala.Enroute;
				PRODUCT_NAME = "$(TARGET_NAME)";
				SWIFT_VERSION = 5.0;
				TARGETED_DEVICE_FAMILY = "1,2";
			};
			name = Debug;
		};
		6181830425AC476A0051CBAA /* Release */ = {
			isa = XCBuildConfiguration;
			buildSettings = {
				ASSETCATALOG_COMPILER_APPICON_NAME = AppIcon;
				ASSETCATALOG_COMPILER_GLOBAL_ACCENT_COLOR_NAME = AccentColor;
				CODE_SIGN_STYLE = Automatic;
				DEVELOPMENT_ASSET_PATHS = "\"Enroute/Preview Content\"";
				DEVELOPMENT_TEAM = Q362VSVRUU;
				ENABLE_PREVIEWS = YES;
				INFOPLIST_FILE = Enroute/Info.plist;
				IPHONEOS_DEPLOYMENT_TARGET = 14.0;
				LD_RUNPATH_SEARCH_PATHS = (
					"$(inherited)",
					"@executable_path/Frameworks",
				);
				PRODUCT_BUNDLE_IDENTIFIER = com.example.Amirala.Enroute;
				PRODUCT_NAME = "$(TARGET_NAME)";
				SWIFT_VERSION = 5.0;
				TARGETED_DEVICE_FAMILY = "1,2";
			};
			name = Release;
		};
/* End XCBuildConfiguration section */

/* Begin XCConfigurationList section */
		618182E925AC476A0051CBAA /* Build configuration list for PBXProject "Enroute" */ = {
			isa = XCConfigurationList;
			buildConfigurations = (
				6181830025AC476A0051CBAA /* Debug */,
				6181830125AC476A0051CBAA /* Release */,
			);
			defaultConfigurationIsVisible = 0;
			defaultConfigurationName = Release;
		};
		6181830225AC476A0051CBAA /* Build configuration list for PBXNativeTarget "Enroute" */ = {
			isa = XCConfigurationList;
			buildConfigurations = (
				6181830325AC476A0051CBAA /* Debug */,
				6181830425AC476A0051CBAA /* Release */,
			);
			defaultConfigurationIsVisible = 0;
			defaultConfigurationName = Release;
		};
/* End XCConfigurationList section */

/* Begin XCVersionGroup section */
		618182FC25AC476A0051CBAA /* Enroute.xcdatamodeld */ = {
			isa = XCVersionGroup;
			children = (
				618182FD25AC476A0051CBAA /* Enroute.xcdatamodel */,
			);
			currentVersion = 618182FD25AC476A0051CBAA /* Enroute.xcdatamodel */;
			path = Enroute.xcdatamodeld;
			sourceTree = "<group>";
			versionGroupType = wrapper.xcdatamodel;
		};
/* End XCVersionGroup section */
	};
	rootObject = 618182E625AC476A0051CBAA /* Project object */;
}
